
Microsoft Visual Studio Solution File, Format Version 12.00
# Visual Studio Version 17
VisualStudioVersion = 17.7.34221.43
MinimumVisualStudioVersion = 10.0.40219.1
Project("{FAE04EC0-301F-11D3-BF4B-00C04F79EFBC}") = "FindMe_Application.Android", "FindMe_Application\FindMe_Application.Android\FindMe_Application.Android.csproj", "{7F1528BE-C79F-4D94-893F-EFF145E74137}"
EndProject
Project("{FAE04EC0-301F-11D3-BF4B-00C04F79EFBC}") = "FindMe_Application.iOS", "FindMe_Application\FindMe_Application.iOS\FindMe_Application.iOS.csproj", "{45522EEE-C9DE-4E9F-84E1-DE1F130EA434}"
EndProject
Project("{9A19103F-16F7-4668-BE54-9A1E7A4F7556}") = "FindMe_Application", "FindMe_Application\FindMe_Application\FindMe_Application.csproj", "{5F0A455D-DB46-4BC0-8A60-EDAAC20536E1}"
EndProject
Global
	GlobalSection(SolutionConfigurationPlatforms) = preSolution
		Debug|Any CPU = Debug|Any CPU
		Debug|iPhone = Debug|iPhone
		Debug|iPhoneSimulator = Debug|iPhoneSimulator
		Release|Any CPU = Release|Any CPU
		Release|iPhone = Release|iPhone
		Release|iPhoneSimulator = Release|iPhoneSimulator
	EndGlobalSection
	GlobalSection(ProjectConfigurationPlatforms) = postSolution
		{7F1528BE-C79F-4D94-893F-EFF145E74137}.Debug|Any CPU.ActiveCfg = Debug|Any CPU
		{7F1528BE-C79F-4D94-893F-EFF145E74137}.Debug|Any CPU.Build.0 = Debug|Any CPU
		{7F1528BE-C79F-4D94-893F-EFF145E74137}.Debug|Any CPU.Deploy.0 = Debug|Any CPU
		{7F1528BE-C79F-4D94-893F-EFF145E74137}.Debug|iPhone.ActiveCfg = Debug|Any CPU
		{7F1528BE-C79F-4D94-893F-EFF145E74137}.Debug|iPhone.Build.0 = Debug|Any CPU
		{7F1528BE-C79F-4D94-893F-EFF145E74137}.Debug|iPhone.Deploy.0 = Debug|Any CPU
		{7F1528BE-C79F-4D94-893F-EFF145E74137}.Debug|iPhoneSimulator.ActiveCfg = Debug|Any CPU
		{7F1528BE-C79F-4D94-893F-EFF145E74137}.Debug|iPhoneSimulator.Build.0 = Debug|Any CPU
		{7F1528BE-C79F-4D94-893F-EFF145E74137}.Debug|iPhoneSimulator.Deploy.0 = Debug|Any CPU
		{7F1528BE-C79F-4D94-893F-EFF145E74137}.Release|Any CPU.ActiveCfg = Release|Any CPU
		{7F1528BE-C79F-4D94-893F-EFF145E74137}.Release|Any CPU.Build.0 = Release|Any CPU
		{7F1528BE-C79F-4D94-893F-EFF145E74137}.Release|Any CPU.Deploy.0 = Release|Any CPU
		{7F1528BE-C79F-4D94-893F-EFF145E74137}.Release|iPhone.ActiveCfg = Release|Any CPU
		{7F1528BE-C79F-4D94-893F-EFF145E74137}.Release|iPhone.Build.0 = Release|Any CPU
		{7F1528BE-C79F-4D94-893F-EFF145E74137}.Release|iPhone.Deploy.0 = Release|Any CPU
		{7F1528BE-C79F-4D94-893F-EFF145E74137}.Release|iPhoneSimulator.ActiveCfg = Release|Any CPU
		{7F1528BE-C79F-4D94-893F-EFF145E74137}.Release|iPhoneSimulator.Build.0 = Release|Any CPU
		{7F1528BE-C79F-4D94-893F-EFF145E74137}.Release|iPhoneSimulator.Deploy.0 = Release|Any CPU
		{45522EEE-C9DE-4E9F-84E1-DE1F130EA434}.Debug|Any CPU.ActiveCfg = Debug|iPhone
		{45522EEE-C9DE-4E9F-84E1-DE1F130EA434}.Debug|Any CPU.Build.0 = Debug|iPhone
		{45522EEE-C9DE-4E9F-84E1-DE1F130EA434}.Debug|Any CPU.Deploy.0 = Debug|iPhone
		{45522EEE-C9DE-4E9F-84E1-DE1F130EA434}.Debug|iPhone.ActiveCfg = Debug|iPhone
		{45522EEE-C9DE-4E9F-84E1-DE1F130EA434}.Debug|iPhone.Build.0 = Debug|iPhone
		{45522EEE-C9DE-4E9F-84E1-DE1F130EA434}.Debug|iPhone.Deploy.0 = Debug|iPhone
		{45522EEE-C9DE-4E9F-84E1-DE1F130EA434}.Debug|iPhoneSimulator.ActiveCfg = Debug|iPhoneSimulator
		{45522EEE-C9DE-4E9F-84E1-DE1F130EA434}.Debug|iPhoneSimulator.Build.0 = Debug|iPhoneSimulator
		{45522EEE-C9DE-4E9F-84E1-DE1F130EA434}.Debug|iPhoneSimulator.Deploy.0 = Debug|iPhoneSimulator
		{45522EEE-C9DE-4E9F-84E1-DE1F130EA434}.Release|Any CPU.ActiveCfg = Release|iPhoneSimulator
		{45522EEE-C9DE-4E9F-84E1-DE1F130EA434}.Release|Any CPU.Build.0 = Release|iPhoneSimulator
		{45522EEE-C9DE-4E9F-84E1-DE1F130EA434}.Release|Any CPU.Deploy.0 = Release|iPhoneSimulator
		{45522EEE-C9DE-4E9F-84E1-DE1F130EA434}.Release|iPhone.ActiveCfg = Release|iPhone
		{45522EEE-C9DE-4E9F-84E1-DE1F130EA434}.Release|iPhone.Build.0 = Release|iPhone
		{45522EEE-C9DE-4E9F-84E1-DE1F130EA434}.Release|iPhone.Deploy.0 = Release|iPhone
		{45522EEE-C9DE-4E9F-84E1-DE1F130EA434}.Release|iPhoneSimulator.ActiveCfg = Release|iPhoneSimulator
		{45522EEE-C9DE-4E9F-84E1-DE1F130EA434}.Release|iPhoneSimulator.Build.0 = Release|iPhoneSimulator
		{45522EEE-C9DE-4E9F-84E1-DE1F130EA434}.Release|iPhoneSimulator.Deploy.0 = Release|iPhoneSimulator
		{5F0A455D-DB46-4BC0-8A60-EDAAC20536E1}.Debug|Any CPU.ActiveCfg = Debug|Any CPU
		{5F0A455D-DB46-4BC0-8A60-EDAAC20536E1}.Debug|Any CPU.Build.0 = Debug|Any CPU
		{5F0A455D-DB46-4BC0-8A60-EDAAC20536E1}.Debug|Any CPU.Deploy.0 = Debug|Any CPU
		{5F0A455D-DB46-4BC0-8A60-EDAAC20536E1}.Debug|iPhone.ActiveCfg = Debug|Any CPU
		{5F0A455D-DB46-4BC0-8A60-EDAAC20536E1}.Debug|iPhone.Build.0 = Debug|Any CPU
		{5F0A455D-DB46-4BC0-8A60-EDAAC20536E1}.Debug|iPhone.Deploy.0 = Debug|Any CPU
		{5F0A455D-DB46-4BC0-8A60-EDAAC20536E1}.Debug|iPhoneSimulator.ActiveCfg = Debug|Any CPU
		{5F0A455D-DB46-4BC0-8A60-EDAAC20536E1}.Debug|iPhoneSimulator.Build.0 = Debug|Any CPU
		{5F0A455D-DB46-4BC0-8A60-EDAAC20536E1}.Debug|iPhoneSimulator.Deploy.0 = Debug|Any CPU
		{5F0A455D-DB46-4BC0-8A60-EDAAC20536E1}.Release|Any CPU.ActiveCfg = Release|Any CPU
		{5F0A455D-DB46-4BC0-8A60-EDAAC20536E1}.Release|Any CPU.Build.0 = Release|Any CPU
		{5F0A455D-DB46-4BC0-8A60-EDAAC20536E1}.Release|Any CPU.Deploy.0 = Release|Any CPU
		{5F0A455D-DB46-4BC0-8A60-EDAAC20536E1}.Release|iPhone.ActiveCfg = Release|Any CPU
		{5F0A455D-DB46-4BC0-8A60-EDAAC20536E1}.Release|iPhone.Build.0 = Release|Any CPU
		{5F0A455D-DB46-4BC0-8A60-EDAAC20536E1}.Release|iPhone.Deploy.0 = Release|Any CPU
		{5F0A455D-DB46-4BC0-8A60-EDAAC20536E1}.Release|iPhoneSimulator.ActiveCfg = Release|Any CPU
		{5F0A455D-DB46-4BC0-8A60-EDAAC20536E1}.Release|iPhoneSimulator.Build.0 = Release|Any CPU
		{5F0A455D-DB46-4BC0-8A60-EDAAC20536E1}.Release|iPhoneSimulator.Deploy.0 = Release|Any CPU
	EndGlobalSection
	GlobalSection(SolutionProperties) = preSolution
		HideSolutionNode = FALSE
	EndGlobalSection
	GlobalSection(ExtensibilityGlobals) = postSolution
		SolutionGuid = {01B4DDFB-E063-4715-8569-36189EB9D5EB}
	EndGlobalSection
EndGlobal
